// !$*UTF8*$!
{
	archiveVersion = 1;
	classes = {
	};
	objectVersion = 55;
	objects = {

/* Begin PBXBuildFile section */
		456CA3B6290EC97B000F1652 /* AppDelegate.swift in Sources */ = {isa = PBXBuildFile; fileRef = 456CA3B5290EC97B000F1652 /* AppDelegate.swift */; };
		456CA3B8290EC97B000F1652 /* SceneDelegate.swift in Sources */ = {isa = PBXBuildFile; fileRef = 456CA3B7290EC97B000F1652 /* SceneDelegate.swift */; };
		456CA3BD290EC97B000F1652 /* Main.storyboard in Resources */ = {isa = PBXBuildFile; fileRef = 456CA3BB290EC97B000F1652 /* Main.storyboard */; };
		456CA3BF290EC97D000F1652 /* Assets.xcassets in Resources */ = {isa = PBXBuildFile; fileRef = 456CA3BE290EC97D000F1652 /* Assets.xcassets */; };
		456CA3C2290EC97D000F1652 /* LaunchScreen.storyboard in Resources */ = {isa = PBXBuildFile; fileRef = 456CA3C0290EC97D000F1652 /* LaunchScreen.storyboard */; };
		456CA3CC290ECA22000F1652 /* Clock.swift in Sources */ = {isa = PBXBuildFile; fileRef = 456CA3CB290ECA22000F1652 /* Clock.swift */; };
		456CA3CE290ECB3D000F1652 /* ClockViewModel.swift in Sources */ = {isa = PBXBuildFile; fileRef = 456CA3CD290ECB3D000F1652 /* ClockViewModel.swift */; };
		456CA3D0290ECB4B000F1652 /* ClockViewController.swift in Sources */ = {isa = PBXBuildFile; fileRef = 456CA3CF290ECB4B000F1652 /* ClockViewController.swift */; };
		456CA3D2290ECDB6000F1652 /* Observable.swift in Sources */ = {isa = PBXBuildFile; fileRef = 456CA3D1290ECDB6000F1652 /* Observable.swift */; };
/* End PBXBuildFile section */

/* Begin PBXFileReference section */
		456CA3B2290EC97B000F1652 /* Clock.app */ = {isa = PBXFileReference; explicitFileType = wrapper.application; includeInIndex = 0; path = Clock.app; sourceTree = BUILT_PRODUCTS_DIR; };
		456CA3B5290EC97B000F1652 /* AppDelegate.swift */ = {isa = PBXFileReference; lastKnownFileType = sourcecode.swift; path = AppDelegate.swift; sourceTree = "<group>"; };
		456CA3B7290EC97B000F1652 /* SceneDelegate.swift */ = {isa = PBXFileReference; lastKnownFileType = sourcecode.swift; path = SceneDelegate.swift; sourceTree = "<group>"; };
		456CA3BC290EC97B000F1652 /* Base */ = {isa = PBXFileReference; lastKnownFileType = file.storyboard; name = Base; path = Base.lproj/Main.storyboard; sourceTree = "<group>"; };
		456CA3BE290EC97D000F1652 /* Assets.xcassets */ = {isa = PBXFileReference; lastKnownFileType = folder.assetcatalog; path = Assets.xcassets; sourceTree = "<group>"; };
		456CA3C1290EC97D000F1652 /* Base */ = {isa = PBXFileReference; lastKnownFileType = file.storyboard; name = Base; path = Base.lproj/LaunchScreen.storyboard; sourceTree = "<group>"; };
		456CA3C3290EC97D000F1652 /* Info.plist */ = {isa = PBXFileReference; lastKnownFileType = text.plist.xml; path = Info.plist; sourceTree = "<group>"; };
		456CA3CB290ECA22000F1652 /* Clock.swift */ = {isa = PBXFileReference; lastKnownFileType = sourcecode.swift; path = Clock.swift; sourceTree = "<group>"; };
		456CA3CD290ECB3D000F1652 /* ClockViewModel.swift */ = {isa = PBXFileReference; lastKnownFileType = sourcecode.swift; path = ClockViewModel.swift; sourceTree = "<group>"; };
		456CA3CF290ECB4B000F1652 /* ClockViewController.swift */ = {isa = PBXFileReference; lastKnownFileType = sourcecode.swift; path = ClockViewController.swift; sourceTree = "<group>"; };
		456CA3D1290ECDB6000F1652 /* Observable.swift */ = {isa = PBXFileReference; lastKnownFileType = sourcecode.swift; path = Observable.swift; sourceTree = "<group>"; };
/* End PBXFileReference section */

/* Begin PBXFrameworksBuildPhase section */
		456CA3AF290EC97B000F1652 /* Frameworks */ = {
			isa = PBXFrameworksBuildPhase;
			buildActionMask = 2147483647;
			files = (
			);
			runOnlyForDeploymentPostprocessing = 0;
		};
/* End PBXFrameworksBuildPhase section */

/* Begin PBXGroup section */
		456CA3A9290EC97B000F1652 = {
			isa = PBXGroup;
			children = (
				456CA3B4290EC97B000F1652 /* Clock */,
				456CA3B3290EC97B000F1652 /* Products */,
			);
			sourceTree = "<group>";
		};
		456CA3B3290EC97B000F1652 /* Products */ = {
			isa = PBXGroup;
			children = (
				456CA3B2290EC97B000F1652 /* Clock.app */,
			);
			name = Products;
			sourceTree = "<group>";
		};
		456CA3B4290EC97B000F1652 /* Clock */ = {
			isa = PBXGroup;
			children = (
				456CA3C9290EC9CD000F1652 /* ClockView */,
				456CA3CA290EC9D8000F1652 /* Model */,
				456CA3B5290EC97B000F1652 /* AppDelegate.swift */,
				456CA3B7290EC97B000F1652 /* SceneDelegate.swift */,
				456CA3D1290ECDB6000F1652 /* Observable.swift */,
				456CA3BE290EC97D000F1652 /* Assets.xcassets */,
				456CA3C0290EC97D000F1652 /* LaunchScreen.storyboard */,
				456CA3C3290EC97D000F1652 /* Info.plist */,
			);
			path = Clock;
			sourceTree = "<group>";
		};
		456CA3C9290EC9CD000F1652 /* ClockView */ = {
			isa = PBXGroup;
			children = (
				456CA3CF290ECB4B000F1652 /* ClockViewController.swift */,
				456CA3BB290EC97B000F1652 /* Main.storyboard */,
				456CA3CD290ECB3D000F1652 /* ClockViewModel.swift */,
			);
			path = ClockView;
			sourceTree = "<group>";
		};
		456CA3CA290EC9D8000F1652 /* Model */ = {
			isa = PBXGroup;
			children = (
				456CA3CB290ECA22000F1652 /* Clock.swift */,
			);
			path = Model;
			sourceTree = "<group>";
		};
/* End PBXGroup section */

/* Begin PBXNativeTarget section */
		456CA3B1290EC97B000F1652 /* Clock */ = {
			isa = PBXNativeTarget;
			buildConfigurationList = 456CA3C6290EC97D000F1652 /* Build configuration list for PBXNativeTarget "Clock" */;
			buildPhases = (
				456CA3AE290EC97B000F1652 /* Sources */,
				456CA3AF290EC97B000F1652 /* Frameworks */,
				456CA3B0290EC97B000F1652 /* Resources */,
			);
			buildRules = (
			);
			dependencies = (
			);
			name = Clock;
			productName = Clock;
			productReference = 456CA3B2290EC97B000F1652 /* Clock.app */;
			productType = "com.apple.product-type.application";
		};
/* End PBXNativeTarget section */

/* Begin PBXProject section */
		456CA3AA290EC97B000F1652 /* Project object */ = {
			isa = PBXProject;
			attributes = {
				BuildIndependentTargetsInParallel = 1;
				LastSwiftUpdateCheck = 1340;
				LastUpgradeCheck = 1340;
				TargetAttributes = {
					456CA3B1290EC97B000F1652 = {
						CreatedOnToolsVersion = 13.4.1;
					};
				};
			};
			buildConfigurationList = 456CA3AD290EC97B000F1652 /* Build configuration list for PBXProject "Clock" */;
			compatibilityVersion = "Xcode 13.0";
			developmentRegion = en;
			hasScannedForEncodings = 0;
			knownRegions = (
				en,
				Base,
			);
			mainGroup = 456CA3A9290EC97B000F1652;
			productRefGroup = 456CA3B3290EC97B000F1652 /* Products */;
			projectDirPath = "";
			projectRoot = "";
			targets = (
				456CA3B1290EC97B000F1652 /* Clock */,
			);
		};
/* End PBXProject section */

/* Begin PBXResourcesBuildPhase section */
		456CA3B0290EC97B000F1652 /* Resources */ = {
			isa = PBXResourcesBuildPhase;
			buildActionMask = 2147483647;
			files = (
				456CA3C2290EC97D000F1652 /* LaunchScreen.storyboard in Resources */,
				456CA3BF290EC97D000F1652 /* Assets.xcassets in Resources */,
				456CA3BD290EC97B000F1652 /* Main.storyboard in Resources */,
			);
			runOnlyForDeploymentPostprocessing = 0;
		};
/* End PBXResourcesBuildPhase section */

/* Begin PBXSourcesBuildPhase section */
		456CA3AE290EC97B000F1652 /* Sources */ = {
			isa = PBXSourcesBuildPhase;
			buildActionMask = 2147483647;
			files = (
				456CA3CC290ECA22000F1652 /* Clock.swift in Sources */,
				456CA3B6290EC97B000F1652 /* AppDelegate.swift in Sources */,
				456CA3B8290EC97B000F1652 /* SceneDelegate.swift in Sources */,
				456CA3D0290ECB4B000F1652 /* ClockViewController.swift in Sources */,
				456CA3D2290ECDB6000F1652 /* Observable.swift in Sources */,
				456CA3CE290ECB3D000F1652 /* ClockViewModel.swift in Sources */,
			);
			runOnlyForDeploymentPostprocessing = 0;
		};
/* End PBXSourcesBuildPhase section */

/* Begin PBXVariantGroup section */
		456CA3BB290EC97B000F1652 /* Main.storyboard */ = {
			isa = PBXVariantGroup;
			children = (
				456CA3BC290EC97B000F1652 /* Base */,
			);
			name = Main.storyboard;
			sourceTree = "<group>";
		};
		456CA3C0290EC97D000F1652 /* LaunchScreen.storyboard */ = {
			isa = PBXVariantGroup;
			children = (
				456CA3C1290EC97D000F1652 /* Base */,
			);
			name = LaunchScreen.storyboard;
			sourceTree = "<group>";
		};
/* End PBXVariantGroup section */

/* Begin XCBuildConfiguration section */
		456CA3C4290EC97D000F1652 /* Debug */ = {
			isa = XCBuildConfiguration;
			buildSettings = {
				ALWAYS_SEARCH_USER_PATHS = NO;
				CLANG_ANALYZER_NONNULL = YES;
				CLANG_ANALYZER_NUMBER_OBJECT_CONVERSION = YES_AGGRESSIVE;
				CLANG_CXX_LANGUAGE_STANDARD = "gnu++17";
				CLANG_ENABLE_MODULES = YES;
				CLANG_ENABLE_OBJC_ARC = YES;
				CLANG_ENABLE_OBJC_WEAK = YES;
				CLANG_WARN_BLOCK_CAPTURE_AUTORELEASING = YES;
				CLANG_WARN_BOOL_CONVERSION = YES;
				CLANG_WARN_COMMA = YES;
				CLANG_WARN_CONSTANT_CONVERSION = YES;
				CLANG_WARN_DEPRECATED_OBJC_IMPLEMENTATIONS = YES;
				CLANG_WARN_DIRECT_OBJC_ISA_USAGE = YES_ERROR;
				CLANG_WARN_DOCUMENTATION_COMMENTS = YES;
				CLANG_WARN_EMPTY_BODY = YES;
				CLANG_WARN_ENUM_CONVERSION = YES;
				CLANG_WARN_INFINITE_RECURSION = YES;
				CLANG_WARN_INT_CONVERSION = YES;
				CLANG_WARN_NON_LITERAL_NULL_CONVERSION = YES;
				CLANG_WARN_OBJC_IMPLICIT_RETAIN_SELF = YES;
				CLANG_WARN_OBJC_LITERAL_CONVERSION = YES;
				CLANG_WARN_OBJC_ROOT_CLASS = YES_ERROR;
				CLANG_WARN_QUOTED_INCLUDE_IN_FRAMEWORK_HEADER = YES;
				CLANG_WARN_RANGE_LOOP_ANALYSIS = YES;
				CLANG_WARN_STRICT_PROTOTYPES = YES;
				CLANG_WARN_SUSPICIOUS_MOVE = YES;
				CLANG_WARN_UNGUARDED_AVAILABILITY = YES_AGGRESSIVE;
				CLANG_WARN_UNREACHABLE_CODE = YES;
				CLANG_WARN__DUPLICATE_METHOD_MATCH = YES;
				COPY_PHASE_STRIP = NO;
				DEBUG_INFORMATION_FORMAT = dwarf;
				ENABLE_STRICT_OBJC_MSGSEND = YES;
				ENABLE_TESTABILITY = YES;
				GCC_C_LANGUAGE_STANDARD = gnu11;
				GCC_DYNAMIC_NO_PIC = NO;
				GCC_NO_COMMON_BLOCKS = YES;
				GCC_OPTIMIZATION_LEVEL = 0;
				GCC_PREPROCESSOR_DEFINITIONS = (
					"DEBUG=1",
					"$(inherited)",
				);
				GCC_WARN_64_TO_32_BIT_CONVERSION = YES;
				GCC_WARN_ABOUT_RETURN_TYPE = YES_ERROR;
				GCC_WARN_UNDECLARED_SELECTOR = YES;
				GCC_WARN_UNINITIALIZED_AUTOS = YES_AGGRESSIVE;
				GCC_WARN_UNUSED_FUNCTION = YES;
				GCC_WARN_UNUSED_VARIABLE = YES;
				IPHONEOS_DEPLOYMENT_TARGET = 15.5;
				MTL_ENABLE_DEBUG_INFO = INCLUDE_SOURCE;
				MTL_FAST_MATH = YES;
				ONLY_ACTIVE_ARCH = YES;
				SDKROOT = iphoneos;
				SWIFT_ACTIVE_COMPILATION_CONDITIONS = DEBUG;
				SWIFT_OPTIMIZATION_LEVEL = "-Onone";
			};
			name = Debug;
		};
		456CA3C5290EC97D000F1652 /* Release */ = {
			isa = XCBuildConfiguration;
			buildSettings = {
				ALWAYS_SEARCH_USER_PATHS = NO;
				CLANG_ANALYZER_NONNULL = YES;
				CLANG_ANALYZER_NUMBER_OBJECT_CONVERSION = YES_AGGRESSIVE;
				CLANG_CXX_LANGUAGE_STANDARD = "gnu++17";
				CLANG_ENABLE_MODULES = YES;
				CLANG_ENABLE_OBJC_ARC = YES;
				CLANG_ENABLE_OBJC_WEAK = YES;
				CLANG_WARN_BLOCK_CAPTURE_AUTORELEASING = YES;
				CLANG_WARN_BOOL_CONVERSION = YES;
				CLANG_WARN_COMMA = YES;
				CLANG_WARN_CONSTANT_CONVERSION = YES;
				CLANG_WARN_DEPRECATED_OBJC_IMPLEMENTATIONS = YES;
				CLANG_WARN_DIRECT_OBJC_ISA_USAGE = YES_ERROR;
				CLANG_WARN_DOCUMENTATION_COMMENTS = YES;
				CLANG_WARN_EMPTY_BODY = YES;
				CLANG_WARN_ENUM_CONVERSION = YES;
				CLANG_WARN_INFINITE_RECURSION = YES;
				CLANG_WARN_INT_CONVERSION = YES;
				CLANG_WARN_NON_LITERAL_NULL_CONVERSION = YES;
				CLANG_WARN_OBJC_IMPLICIT_RETAIN_SELF = YES;
				CLANG_WARN_OBJC_LITERAL_CONVERSION = YES;
				CLANG_WARN_OBJC_ROOT_CLASS = YES_ERROR;
				CLANG_WARN_QUOTED_INCLUDE_IN_FRAMEWORK_HEADER = YES;
				CLANG_WARN_RANGE_LOOP_ANALYSIS = YES;
				CLANG_WARN_STRICT_PROTOTYPES = YES;
				CLANG_WARN_SUSPICIOUS_MOVE = YES;
				CLANG_WARN_UNGUARDED_AVAILABILITY = YES_AGGRESSIVE;
				CLANG_WARN_UNREACHABLE_CODE = YES;
				CLANG_WARN__DUPLICATE_METHOD_MATCH = YES;
				COPY_PHASE_STRIP = NO;
				DEBUG_INFORMATION_FORMAT = "dwarf-with-dsym";
				ENABLE_NS_ASSERTIONS = NO;
				ENABLE_STRICT_OBJC_MSGSEND = YES;
				GCC_C_LANGUAGE_STANDARD = gnu11;
				GCC_NO_COMMON_BLOCKS = YES;
				GCC_WARN_64_TO_32_BIT_CONVERSION = YES;
				GCC_WARN_ABOUT_RETURN_TYPE = YES_ERROR;
				GCC_WARN_UNDECLARED_SELECTOR = YES;
				GCC_WARN_UNINITIALIZED_AUTOS = YES_AGGRESSIVE;
				GCC_WARN_UNUSED_FUNCTION = YES;
				GCC_WARN_UNUSED_VARIABLE = YES;
				IPHONEOS_DEPLOYMENT_TARGET = 15.5;
				MTL_ENABLE_DEBUG_INFO = NO;
				MTL_FAST_MATH = YES;
				SDKROOT = iphoneos;
				SWIFT_COMPILATION_MODE = wholemodule;
				SWIFT_OPTIMIZATION_LEVEL = "-O";
				VALIDATE_PRODUCT = YES;
			};
			name = Release;
		};
		456CA3C7290EC97D000F1652 /* Debug */ = {
			isa = XCBuildConfiguration;
			buildSettings = {
				ASSETCATALOG_COMPILER_APPICON_NAME = AppIcon;
				ASSETCATALOG_COMPILER_GLOBAL_ACCENT_COLOR_NAME = AccentColor;
				CODE_SIGN_STYLE = Automatic;
				CURRENT_PROJECT_VERSION = 1;
				GENERATE_INFOPLIST_FILE = YES;
				INFOPLIST_FILE = Clock/Info.plist;
				INFOPLIST_KEY_UIApplicationSupportsIndirectInputEvents = YES;
				INFOPLIST_KEY_UILaunchStoryboardName = LaunchScreen;
				INFOPLIST_KEY_UIMainStoryboardFile = Main;
				INFOPLIST_KEY_UISupportedInterfaceOrientations_iPad = "UIInterfaceOrientationPortrait UIInterfaceOrientationPortraitUpsideDown UIInterfaceOrientationLandscapeLeft UIInterfaceOrientationLandscapeRight";
				INFOPLIST_KEY_UISupportedInterfaceOrientations_iPhone = "UIInterfaceOrientationPortrait UIInterfaceOrientationLandscapeLeft UIInterfaceOrientationLandscapeRight";
				LD_RUNPATH_SEARCH_PATHS = (
					"$(inherited)",
					"@executable_path/Frameworks",
				);
				MARKETING_VERSION = 1.0;
				PRODUCT_BUNDLE_IDENTIFIER = com.rmh211.Clock;
				PRODUCT_NAME = "$(TARGET_NAME)";
				SWIFT_EMIT_LOC_STRINGS = YES;
				SWIFT_VERSION = 5.0;
				TARGETED_DEVICE_FAMILY = "1,2";
			};
			name = Debug;
		};
		456CA3C8290EC97D000F1652 /* Release */ = {
			isa = XCBuildConfiguration;
			buildSettings = {
				ASSETCATALOG_COMPILER_APPICON_NAME = AppIcon;
				ASSETCATALOG_COMPILER_GLOBAL_ACCENT_COLOR_NAME = AccentColor;
				CODE_SIGN_STYLE = Automatic;
				CURRENT_PROJECT_VERSION = 1;
				GENERATE_INFOPLIST_FILE = YES;
				INFOPLIST_FILE = Clock/Info.plist;
				INFOPLIST_KEY_UIApplicationSupportsIndirectInputEvents = YES;
				INFOPLIST_KEY_UILaunchStoryboardName = LaunchScreen;
				INFOPLIST_KEY_UIMainStoryboardFile = Main;
				INFOPLIST_KEY_UISupportedInterfaceOrientations_iPad = "UIInterfaceOrientationPortrait UIInterfaceOrientationPortraitUpsideDown UIInterfaceOrientationLandscapeLeft UIInterfaceOrientationLandscapeRight";
				INFOPLIST_KEY_UISupportedInterfaceOrientations_iPhone = "UIInterfaceOrientationPortrait UIInterfaceOrientationLandscapeLeft UIInterfaceOrientationLandscapeRight";
				LD_RUNPATH_SEARCH_PATHS = (
					"$(inherited)",
					"@executable_path/Frameworks",
				);
				MARKETING_VERSION = 1.0;
				PRODUCT_BUNDLE_IDENTIFIER = com.rmh211.Clock;
				PRODUCT_NAME = "$(TARGET_NAME)";
				SWIFT_EMIT_LOC_STRINGS = YES;
				SWIFT_VERSION = 5.0;
				TARGETED_DEVICE_FAMILY = "1,2";
			};
			name = Release;
		};
/* End XCBuildConfiguration section */

/* Begin XCConfigurationList section */
		456CA3AD290EC97B000F1652 /* Build configuration list for PBXProject "Clock" */ = {
			isa = XCConfigurationList;
			buildConfigurations = (
				456CA3C4290EC97D000F1652 /* Debug */,
				456CA3C5290EC97D000F1652 /* Release */,
			);
			defaultConfigurationIsVisible = 0;
			defaultConfigurationName = Release;
		};
		456CA3C6290EC97D000F1652 /* Build configuration list for PBXNativeTarget "Clock" */ = {
			isa = XCConfigurationList;
			buildConfigurations = (
				456CA3C7290EC97D000F1652 /* Debug */,
				456CA3C8290EC97D000F1652 /* Release */,
			);
			defaultConfigurationIsVisible = 0;
			defaultConfigurationName = Release;
		};
/* End XCConfigurationList section */
	};
	rootObject = 456CA3AA290EC97B000F1652 /* Project object */;
}
